
Microsoft Visual Studio Solution File, Format Version 12.00
# Visual Studio Version 17
VisualStudioVersion = 17.4.33213.308
MinimumVisualStudioVersion = 10.0.40219.1
Project("{9A19103F-16F7-4668-BE54-9A1E7A4F7556}") = "PilaLIFO", "PilaLIFO\PilaLIFO.csproj", "{2A6A31AF-6D7F-43B1-92A5-35099CFC998D}"
EndProject
Project("{FAE04EC0-301F-11D3-BF4B-00C04F79EFBC}") = "Hanoi_Towers", "Hanoi_Towers\Hanoi_Towers.csproj", "{88EB95CC-4CD8-48CC-8735-1470E61D2214}"
EndProject
Global
	GlobalSection(SolutionConfigurationPlatforms) = preSolution
		Debug|Any CPU = Debug|Any CPU
		Release|Any CPU = Release|Any CPU
	EndGlobalSection
	GlobalSection(ProjectConfigurationPlatforms) = postSolution
		{2A6A31AF-6D7F-43B1-92A5-35099CFC998D}.Debug|Any CPU.ActiveCfg = Debug|Any CPU
		{2A6A31AF-6D7F-43B1-92A5-35099CFC998D}.Debug|Any CPU.Build.0 = Debug|Any CPU
		{2A6A31AF-6D7F-43B1-92A5-35099CFC998D}.Release|Any CPU.ActiveCfg = Release|Any CPU
		{2A6A31AF-6D7F-43B1-92A5-35099CFC998D}.Release|Any CPU.Build.0 = Release|Any CPU
		{88EB95CC-4CD8-48CC-8735-1470E61D2214}.Debug|Any CPU.ActiveCfg = Debug|Any CPU
		{88EB95CC-4CD8-48CC-8735-1470E61D2214}.Debug|Any CPU.Build.0 = Debug|Any CPU
		{88EB95CC-4CD8-48CC-8735-1470E61D2214}.Release|Any CPU.ActiveCfg = Release|Any CPU
		{88EB95CC-4CD8-48CC-8735-1470E61D2214}.Release|Any CPU.Build.0 = Release|Any CPU
	EndGlobalSection
	GlobalSection(SolutionProperties) = preSolution
		HideSolutionNode = FALSE
	EndGlobalSection
	GlobalSection(ExtensibilityGlobals) = postSolution
		SolutionGuid = {2D5E8CDE-DCD1-4BAD-A29F-84B51E4CD160}
	EndGlobalSection
EndGlobal
